
Microsoft Visual Studio Solution File, Format Version 12.00
# Visual Studio Version 16
VisualStudioVersion = 16.0.30611.23
MinimumVisualStudioVersion = 10.0.40219.1
Project("{FAE04EC0-301F-11D3-BF4B-00C04F79EFBC}") = "Library.Web", "Library.Web\Library.Web.csproj", "{8102B9E7-6B04-401D-BDA6-425D5B99595C}"
EndProject
Project("{FAE04EC0-301F-11D3-BF4B-00C04F79EFBC}") = "Library.Console", "Library.Console\Library.Console.csproj", "{E226D0F2-C425-4000-9104-6E69964FC4E8}"
EndProject
Project("{FAE04EC0-301F-11D3-BF4B-00C04F79EFBC}") = "Library", "Library\Library.csproj", "{0FA7B8FF-E14E-406F-96BE-3E4567F490C4}"
EndProject
Global
	GlobalSection(SolutionConfigurationPlatforms) = preSolution
		Debug|Any CPU = Debug|Any CPU
		Release|Any CPU = Release|Any CPU
	EndGlobalSection
	GlobalSection(ProjectConfigurationPlatforms) = postSolution
		{8102B9E7-6B04-401D-BDA6-425D5B99595C}.Debug|Any CPU.ActiveCfg = Debug|Any CPU
		{8102B9E7-6B04-401D-BDA6-425D5B99595C}.Debug|Any CPU.Build.0 = Debug|Any CPU
		{8102B9E7-6B04-401D-BDA6-425D5B99595C}.Release|Any CPU.ActiveCfg = Release|Any CPU
		{8102B9E7-6B04-401D-BDA6-425D5B99595C}.Release|Any CPU.Build.0 = Release|Any CPU
		{E226D0F2-C425-4000-9104-6E69964FC4E8}.Debug|Any CPU.ActiveCfg = Debug|Any CPU
		{E226D0F2-C425-4000-9104-6E69964FC4E8}.Debug|Any CPU.Build.0 = Debug|Any CPU
		{E226D0F2-C425-4000-9104-6E69964FC4E8}.Release|Any CPU.ActiveCfg = Release|Any CPU
		{E226D0F2-C425-4000-9104-6E69964FC4E8}.Release|Any CPU.Build.0 = Release|Any CPU
		{0FA7B8FF-E14E-406F-96BE-3E4567F490C4}.Debug|Any CPU.ActiveCfg = Debug|Any CPU
		{0FA7B8FF-E14E-406F-96BE-3E4567F490C4}.Debug|Any CPU.Build.0 = Debug|Any CPU
		{0FA7B8FF-E14E-406F-96BE-3E4567F490C4}.Release|Any CPU.ActiveCfg = Release|Any CPU
		{0FA7B8FF-E14E-406F-96BE-3E4567F490C4}.Release|Any CPU.Build.0 = Release|Any CPU
	EndGlobalSection
	GlobalSection(SolutionProperties) = preSolution
		HideSolutionNode = FALSE
	EndGlobalSection
	GlobalSection(ExtensibilityGlobals) = postSolution
		SolutionGuid = {8752858C-B9D0-40E0-B182-ACF3E5169FF0}
	EndGlobalSection
EndGlobal
